
Microsoft Visual Studio Solution File, Format Version 12.00
# Visual Studio 15
VisualStudioVersion = 15.0.28307.329
MinimumVisualStudioVersion = 10.0.40219.1
Project("{FAE04EC0-301F-11D3-BF4B-00C04F79EFBC}") = "BloodDonateManagement", "BloodDonateManagement\BloodDonateManagement.csproj", "{7BBBC447-5829-4EF8-8081-506F354E770F}"
EndProject
Global
	GlobalSection(SolutionConfigurationPlatforms) = preSolution
		Debug|Any CPU = Debug|Any CPU
		Release|Any CPU = Release|Any CPU
	EndGlobalSection
	GlobalSection(ProjectConfigurationPlatforms) = postSolution
		{7BBBC447-5829-4EF8-8081-506F354E770F}.Debug|Any CPU.ActiveCfg = Debug|Any CPU
		{7BBBC447-5829-4EF8-8081-506F354E770F}.Debug|Any CPU.Build.0 = Debug|Any CPU
		{7BBBC447-5829-4EF8-8081-506F354E770F}.Release|Any CPU.ActiveCfg = Release|Any CPU
		{7BBBC447-5829-4EF8-8081-506F354E770F}.Release|Any CPU.Build.0 = Release|Any CPU
	EndGlobalSection
	GlobalSection(SolutionProperties) = preSolution
		HideSolutionNode = FALSE
	EndGlobalSection
	GlobalSection(ExtensibilityGlobals) = postSolution
		SolutionGuid = {C439199B-5489-4462-B7C0-F767981A7E69}
	EndGlobalSection
EndGlobal
